# THIS IS AN AUTOGENERATED FILE. DO NOT EDIT THIS FILE DIRECTLY.
# yarn lockfile v1


"@next/env@12.2.4-canary.6":
  version "12.2.4-canary.6"
  resolved "https://registry.yarnpkg.com/@next/env/-/env-12.2.4-canary.6.tgz#c17294ec9ba8364d0b2da2533bab801266054b8f"
  integrity sha512-FlQza2/IRPp4Y+8S4GXAgiPqn8tP2kbfPuNlHCeoHEVQmXflBKTakGniDmPQHorsYRwy9Zeq5p/JQyykt3OyMw==

"@next/swc-android-arm-eabi@12.2.4-canary.6":
  version "12.2.4-canary.6"
  resolved "https://registry.yarnpkg.com/@next/swc-android-arm-eabi/-/swc-android-arm-eabi-12.2.4-canary.6.tgz#75853c51e731314f25dd2cfe5401e093580b6b70"
  integrity sha512-phfU/NA5Tlxef+gzZgVRKX+mvBKFNuwQLCHER65kD2iM9rD/Jb8aqAmkW8oTsRGb/acVBRktAnal6W1d1Vf62A==

"@next/swc-android-arm64@12.2.4-canary.6":
  version "12.2.4-canary.6"
  resolved "https://registry.yarnpkg.com/@next/swc-android-arm64/-/swc-android-arm64-12.2.4-canary.6.tgz#d89657adb21915455c33c10e7bf75d0a8eb2da6d"
  integrity sha512-BIzDjly2CKvbxOYdmNAnrhprCjD12qaMJItx6iQ/Cp5vzsgg//6yiRXmE4gCuBhg5ry6h9Vp7SyMr1z3IcnUAw==

"@next/swc-darwin-arm64@12.2.4-canary.6":
  version "12.2.4-canary.6"
  resolved "https://registry.yarnpkg.com/@next/swc-darwin-arm64/-/swc-darwin-arm64-12.2.4-canary.6.tgz#9d710a405bb32cc446f2a7f25d0459af3c486ed3"
  integrity sha512-lViS5Kv2p3/86dS3yx8Ce1/Nlm60JJYu15kxtrYPBxdUw1CGZipHL9ZjoJPsRvj8W56WW/lohIxhBWAgqJaHMA==

"@next/swc-darwin-x64@12.2.4-canary.6":
  version "12.2.4-canary.6"
  resolved "https://registry.yarnpkg.com/@next/swc-darwin-x64/-/swc-darwin-x64-12.2.4-canary.6.tgz#af790c519ffd768d63b5c7a31507d30d509c78f3"
  integrity sha512-OK6AUo2uGZivtK/zBmu1JqsxiPugiAzno+wA3Lhgrh91DQnMvZe8b363iYzw1tDNi7jjcUBapKK3p2hIduC+qw==

"@next/swc-freebsd-x64@12.2.4-canary.6":
  version "12.2.4-canary.6"
  resolved "https://registry.yarnpkg.com/@next/swc-freebsd-x64/-/swc-freebsd-x64-12.2.4-canary.6.tgz#d291917ab24a8c5680718cec9f1bc623b8212bcf"
  integrity sha512-GPeihSkk6SA6QksCOC6EYSVEV7I0kdk8eLp78jwQFxPwzlHj09g/QJlvCFoJx3d/am3ETNLt/k2+gRyBfJNm9w==

"@next/swc-linux-arm-gnueabihf@12.2.4-canary.6":
  version "12.2.4-canary.6"
  resolved "https://registry.yarnpkg.com/@next/swc-linux-arm-gnueabihf/-/swc-linux-arm-gnueabihf-12.2.4-canary.6.tgz#77b3dce9fbfbf79d6a48f5deba20c20a2e087d31"
  integrity sha512-vapgvJF8tQUv0Wh/Axlxg0dI/86862E277e2IfDMG7ew+1X9XKcZBRvgtDsOHu+5+rKbAbdLuTE0IgSS0+a5qw==

"@next/swc-linux-arm64-gnu@12.2.4-canary.6":
  version "12.2.4-canary.6"
  resolved "https://registry.yarnpkg.com/@next/swc-linux-arm64-gnu/-/swc-linux-arm64-gnu-12.2.4-canary.6.tgz#1cca7691b199e332eedd71b712745c616f041543"
  integrity sha512-Y7kyfkd4rxat08D45g4W6PkpDu5H003ZWOi99q/IOCApUHh5K5rRhQLbxmre9H2O4m8+mtHxPSdEOwr/6RL44Q==

"@next/swc-linux-arm64-musl@12.2.4-canary.6":
  version "12.2.4-canary.6"
  resolved "https://registry.yarnpkg.com/@next/swc-linux-arm64-musl/-/swc-linux-arm64-musl-12.2.4-canary.6.tgz#0eed966ecef414049f07a5e6c81ea9433c91b5bb"
  integrity sha512-J8V/wRgDH6zJP+ADhqp2/sF1GDbGZKivpqj/3iBPvz412H7smzyA1mBkC1lNjwyCjftD3uKAoPVsyh0KDlS5lg==

"@next/swc-linux-x64-gnu@12.2.4-canary.6":
  version "12.2.4-canary.6"
  resolved "https://registry.yarnpkg.com/@next/swc-linux-x64-gnu/-/swc-linux-x64-gnu-12.2.4-canary.6.tgz#bb5687bbf24cee2f1f872fc5d7ee2e6139361603"
  integrity sha512-NGIYvFXhb+8aJxqdrfhBXSodzuu7zQF50eER68tKcedYqZ6ZxGOImmatGrbr4kcgP0/ImKiGR0wzl36PlhoVdQ==

"@next/swc-linux-x64-musl@12.2.4-canary.6":
  version "12.2.4-canary.6"
  resolved "https://registry.yarnpkg.com/@next/swc-linux-x64-musl/-/swc-linux-x64-musl-12.2.4-canary.6.tgz#6f195b214ad54d6ca6221b5b9e94d17689018ce7"
  integrity sha512-JpjvM1nLw8s20SAidQ45B0aOp4EOnPlRpLAfc+sY1q/EqEsrkY2O1JQ8G7DUaI2/aqRRrjzxrDgPx9kjWnTQEg==

"@next/swc-win32-arm64-msvc@12.2.4-canary.6":
  version "12.2.4-canary.6"
  resolved "https://registry.yarnpkg.com/@next/swc-win32-arm64-msvc/-/swc-win32-arm64-msvc-12.2.4-canary.6.tgz#124596028be51db9ae2f4962762cedaebc698d2d"
  integrity sha512-ed635ctko4eAb0oYhTA9+CBRUwPpCOWMKGpP5MTiqiUiOL7u4U/jwL4HSIPJlcAhs4x/O4UvWY/I767gekNQGQ==

"@next/swc-win32-ia32-msvc@12.2.4-canary.6":
  version "12.2.4-canary.6"
  resolved "https://registry.yarnpkg.com/@next/swc-win32-ia32-msvc/-/swc-win32-ia32-msvc-12.2.4-canary.6.tgz#9bdbbb85dfcfaf029948df29cf14586b36115501"
  integrity sha512-0sTF2Q6nlJUL4GCWy3YaakifXDX9m/htOh73KVwVxq9bQRnVQk07Tzoou4Y0eJFM+m8iW5Dj8COs2XO0+HMOqw==

"@next/swc-win32-x64-msvc@12.2.4-canary.6":
  version "12.2.4-canary.6"
  resolved "https://registry.yarnpkg.com/@next/swc-win32-x64-msvc/-/swc-win32-x64-msvc-12.2.4-canary.6.tgz#96db88e4b5640d34ff6871fb6f3344d563fc78c8"
  integrity sha512-eTSQ6mLIEMh9M0OGmGtd3h0UBn7kRwlxHMSMyFfRIaNnX4XiJvQeB1jlGJsd5ZRzLKRAkcLvXXVP4fsFYD+lSw==

"@swc/helpers@0.4.3":
  version "0.4.3"
  resolved "https://registry.yarnpkg.com/@swc/helpers/-/helpers-0.4.3.tgz#16593dfc248c53b699d4b5026040f88ddb497012"
  integrity sha512-6JrF+fdUK2zbGpJIlN7G3v966PQjyx/dPt1T9km2wj+EUBqgrxCk3uX4Kct16MIm9gGxfKRcfax2hVf5jvlTzA==
  dependencies:
    tslib "^2.4.0"

caniuse-lite@^1.0.30001332:
  version "1.0.30001370"
  resolved "https://registry.yarnpkg.com/caniuse-lite/-/caniuse-lite-1.0.30001370.tgz#0a30d4f20d38b9e108cc5ae7cc62df9fe66cd5ba"
  integrity sha512-3PDmaP56wz/qz7G508xzjx8C+MC2qEm4SYhSEzC9IBROo+dGXFWRuaXkWti0A9tuI00g+toiriVqxtWMgl350g==

"js-tokens@^3.0.0 || ^4.0.0":
  version "4.0.0"
  resolved "https://registry.yarnpkg.com/js-tokens/-/js-tokens-4.0.0.tgz#19203fb59991df98e3a287050d4647cdeaf32499"
  integrity sha512-RdJUflcE3cUzKiMqQgsCu06FPu9UdIJO0beYbPhHN4k6apgJtifcoCtT9bcxOpYBtpD2kCM6Sbzg4CausW/PKQ==

loose-envify@^1.1.0:
  version "1.4.0"
  resolved "https://registry.yarnpkg.com/loose-envify/-/loose-envify-1.4.0.tgz#71ee51fa7be4caec1a63839f7e682d8132d30caf"
  integrity sha512-lyuxPGr/Wfhrlem2CL/UcnUc1zcqKAImBDzukY7Y5F/yQiNdko6+fRLevlw1HgMySw7f611UIY408EtxRSoK3Q==
  dependencies:
    js-tokens "^3.0.0 || ^4.0.0"

nanoid@^3.3.4:
  version "3.3.4"
  resolved "https://registry.yarnpkg.com/nanoid/-/nanoid-3.3.4.tgz#730b67e3cd09e2deacf03c027c81c9d9dbc5e8ab"
  integrity sha512-MqBkQh/OHTS2egovRtLk45wEyNXwF+cokD+1YPf9u5VfJiRdAiRwB2froX5Co9Rh20xs4siNPm8naNotSD6RBw==

next@^12.2.4-canary.6:
  version "12.2.4-canary.6"
  resolved "https://registry.yarnpkg.com/next/-/next-12.2.4-canary.6.tgz#7e26a93ed56ac220e613190f2694152d39afed61"
  integrity sha512-Y/3r8VEAiQSeTjjhcpV8l/eol+golElm40ee+n66NTzU9296uH59Uk0PdWm/k+6Ibfgq2wqOJekPvmbzu5c+5Q==
  dependencies:
    "@next/env" "12.2.4-canary.6"
    "@swc/helpers" "0.4.3"
    caniuse-lite "^1.0.30001332"
    postcss "8.4.14"
    styled-jsx "5.0.2"
    use-sync-external-store "1.2.0"
  optionalDependencies:
    "@next/swc-android-arm-eabi" "12.2.4-canary.6"
    "@next/swc-android-arm64" "12.2.4-canary.6"
    "@next/swc-darwin-arm64" "12.2.4-canary.6"
    "@next/swc-darwin-x64" "12.2.4-canary.6"
    "@next/swc-freebsd-x64" "12.2.4-canary.6"
    "@next/swc-linux-arm-gnueabihf" "12.2.4-canary.6"
    "@next/swc-linux-arm64-gnu" "12.2.4-canary.6"
    "@next/swc-linux-arm64-musl" "12.2.4-canary.6"
    "@next/swc-linux-x64-gnu" "12.2.4-canary.6"
    "@next/swc-linux-x64-musl" "12.2.4-canary.6"
    "@next/swc-win32-arm64-msvc" "12.2.4-canary.6"
    "@next/swc-win32-ia32-msvc" "12.2.4-canary.6"
    "@next/swc-win32-x64-msvc" "12.2.4-canary.6"

picocolors@^1.0.0:
  version "1.0.0"
  resolved "https://registry.yarnpkg.com/picocolors/-/picocolors-1.0.0.tgz#cb5bdc74ff3f51892236eaf79d68bc44564ab81c"
  integrity sha512-1fygroTLlHu66zi26VoTDv8yRgm0Fccecssto+MhsZ0D/DGW2sm8E8AjW7NU5VVTRt5GxbeZ5qBuJr+HyLYkjQ==

postcss@8.4.14:
  version "8.4.14"
  resolved "https://registry.yarnpkg.com/postcss/-/postcss-8.4.14.tgz#ee9274d5622b4858c1007a74d76e42e56fd21caf"
  integrity sha512-E398TUmfAYFPBSdzgeieK2Y1+1cpdxJx8yXbK/m57nRhKSmk1GB2tO4lbLBtlkfPQTDKfe4Xqv1ASWPpayPEig==
  dependencies:
    nanoid "^3.3.4"
    picocolors "^1.0.0"
    source-map-js "^1.0.2"

react-dom@^18.2.0:
  version "18.2.0"
  resolved "https://registry.yarnpkg.com/react-dom/-/react-dom-18.2.0.tgz#22aaf38708db2674ed9ada224ca4aa708d821e3d"
  integrity sha512-6IMTriUmvsjHUjNtEDudZfuDQUoWXVxKHhlEGSk81n4YFS+r/Kl99wXiwlVXtPBtJenozv2P+hxDsw9eA7Xo6g==
  dependencies:
    loose-envify "^1.1.0"
    scheduler "^0.23.0"

react@^18.2.0:
  version "18.2.0"
  resolved "https://registry.yarnpkg.com/react/-/react-18.2.0.tgz#555bd98592883255fa00de14f1151a917b5d77d5"
  integrity sha512-/3IjMdb2L9QbBdWiW5e3P2/npwMBaU9mHCSCUzNln0ZCYbcfTsGbTJrU/kGemdH2IWmB2ioZ+zkxtmq6g09fGQ==
  dependencies:
    loose-envify "^1.1.0"

scheduler@^0.23.0:
  version "0.23.0"
  resolved "https://registry.yarnpkg.com/scheduler/-/scheduler-0.23.0.tgz#ba8041afc3d30eb206a487b6b384002e4e61fdfe"
  integrity sha512-CtuThmgHNg7zIZWAXi3AsyIzA3n4xx7aNyjwC2VJldO2LMVDhFK+63xGqq6CsJH4rTAt6/M+N4GhZiDYPx9eUw==
  dependencies:
    loose-envify "^1.1.0"

source-map-js@^1.0.2:
  version "1.0.2"
  resolved "https://registry.yarnpkg.com/source-map-js/-/source-map-js-1.0.2.tgz#adbc361d9c62df380125e7f161f71c826f1e490c"
  integrity sha512-R0XvVJ9WusLiqTCEiGCmICCMplcCkIwwR11mOSD9CR5u+IXYdiseeEuXCVAjS54zqwkLcPNnmU4OeJ6tUrWhDw==

styled-jsx@5.0.2:
  version "5.0.2"
  resolved "https://registry.yarnpkg.com/styled-jsx/-/styled-jsx-5.0.2.tgz#ff230fd593b737e9e68b630a694d460425478729"
  integrity sha512-LqPQrbBh3egD57NBcHET4qcgshPks+yblyhPlH2GY8oaDgKs8SK4C3dBh3oSJjgzJ3G5t1SYEZGHkP+QEpX9EQ==

tslib@^2.4.0:
  version "2.4.0"
  resolved "https://registry.yarnpkg.com/tslib/-/tslib-2.4.0.tgz#7cecaa7f073ce680a05847aa77be941098f36dc3"
  integrity sha512-d6xOpEDfsi2CZVlPQzGeux8XMwLT9hssAsaPYExaQMuYskwb+x1x7J371tWlbBdWHroy99KnVB6qIkUbs5X3UQ==

use-sync-external-store@1.2.0:
  version "1.2.0"
  resolved "https://registry.yarnpkg.com/use-sync-external-store/-/use-sync-external-store-1.2.0.tgz#7dbefd6ef3fe4e767a0cf5d7287aacfb5846928a"
  integrity sha512-eEgnFxGQ1Ife9bzYs6VLi8/4X6CObHMw9Qr9tPY43iKwsPw8xE8+EFsf/2cFZ5S3esXgpWgtSCtLNS41F+sKPA==
